
Microsoft Visual Studio Solution File, Format Version 12.00
# Visual Studio Version 16
VisualStudioVersion = 16.0.30104.148
MinimumVisualStudioVersion = 10.0.40219.1
Project("{FAE04EC0-301F-11D3-BF4B-00C04F79EFBC}") = "LACheck", "LACheck\LACheck.csproj", "{A2F034E9-B832-491D-8307-99618BF3E36C}"
EndProject
Global
	GlobalSection(SolutionConfigurationPlatforms) = preSolution
		Debug|Any CPU = Debug|Any CPU
		Release|Any CPU = Release|Any CPU
	EndGlobalSection
	GlobalSection(ProjectConfigurationPlatforms) = postSolution
		{A2F034E9-B832-491D-8307-99618BF3E36C}.Debug|Any CPU.ActiveCfg = Debug|Any CPU
		{A2F034E9-B832-491D-8307-99618BF3E36C}.Debug|Any CPU.Build.0 = Debug|Any CPU
		{A2F034E9-B832-491D-8307-99618BF3E36C}.Release|Any CPU.ActiveCfg = Release|Any CPU
		{A2F034E9-B832-491D-8307-99618BF3E36C}.Release|Any CPU.Build.0 = Release|Any CPU
	EndGlobalSection
	GlobalSection(SolutionProperties) = preSolution
		HideSolutionNode = FALSE
	EndGlobalSection
	GlobalSection(ExtensibilityGlobals) = postSolution
		SolutionGuid = {AA3FB666-7D2B-4D9A-B0B2-076139826753}
	EndGlobalSection
EndGlobal
